# THIS IS AN AUTOGENERATED FILE. DO NOT EDIT THIS FILE DIRECTLY.
# yarn lockfile v1


blahblahblah-definitely-not-a-real-package-name@0.34.2, "blahblahblah-definitely-not-a-real-package-name@file:./blahblahblah-definitely-not-a-real-package-name":
  version "1.0.0"

"dependency@file:./dependency":
  version "1.0.0"
  dependencies:
    blahblahblah-definitely-not-a-real-package-name "0.34.2"
